
Microsoft Visual Studio Solution File, Format Version 12.00
# Visual Studio 14
VisualStudioVersion = 14.0.22429.0
MinimumVisualStudioVersion = 10.0.40219.1
Project("{2150E333-8FDC-42A3-9474-1A3956D46DE8}") = "Control", "Control", "{3C68F51C-87D1-4E05-918B-3B5F7EB30E22}"
EndProject
Project("{D954291E-2A0B-460D-934E-DC6B0785DB48}") = "Control.Shared", "Control\Control.Shared\Control.Shared.shproj", "{4EBC6048-02EB-4F01-A5E7-68BFD97792C6}"
EndProject
Project("{FAE04EC0-301F-11D3-BF4B-00C04F79EFBC}") = "Control.Windows", "Control\Control.Windows\Control.Windows.csproj", "{5F3F6EEB-ACF6-4D99-9CA1-5FAC961E6713}"
EndProject
Project("{FAE04EC0-301F-11D3-BF4B-00C04F79EFBC}") = "Control.WindowsPhone", "Control\Control.WindowsPhone\Control.WindowsPhone.csproj", "{2744EE43-0DAA-463C-8A9E-C5350657136C}"
EndProject
Global
	GlobalSection(SharedMSBuildProjectFiles) = preSolution
		Control\Control.Shared\Control.Shared.projitems*{5f3f6eeb-acf6-4d99-9ca1-5fac961e6713}*SharedItemsImports = 4
		Control\Control.Shared\Control.Shared.projitems*{2744ee43-0daa-463c-8a9e-c5350657136c}*SharedItemsImports = 4
		Control\Control.Shared\Control.Shared.projitems*{4ebc6048-02eb-4f01-a5e7-68bfd97792c6}*SharedItemsImports = 13
	EndGlobalSection
	GlobalSection(SolutionConfigurationPlatforms) = preSolution
		Debug|Any CPU = Debug|Any CPU
		Debug|ARM = Debug|ARM
		Debug|x64 = Debug|x64
		Debug|x86 = Debug|x86
		Release|Any CPU = Release|Any CPU
		Release|ARM = Release|ARM
		Release|x64 = Release|x64
		Release|x86 = Release|x86
	EndGlobalSection
	GlobalSection(ProjectConfigurationPlatforms) = postSolution
		{5F3F6EEB-ACF6-4D99-9CA1-5FAC961E6713}.Debug|Any CPU.ActiveCfg = Debug|Any CPU
		{5F3F6EEB-ACF6-4D99-9CA1-5FAC961E6713}.Debug|Any CPU.Build.0 = Debug|Any CPU
		{5F3F6EEB-ACF6-4D99-9CA1-5FAC961E6713}.Debug|Any CPU.Deploy.0 = Debug|Any CPU
		{5F3F6EEB-ACF6-4D99-9CA1-5FAC961E6713}.Debug|ARM.ActiveCfg = Debug|ARM
		{5F3F6EEB-ACF6-4D99-9CA1-5FAC961E6713}.Debug|ARM.Build.0 = Debug|ARM
		{5F3F6EEB-ACF6-4D99-9CA1-5FAC961E6713}.Debug|ARM.Deploy.0 = Debug|ARM
		{5F3F6EEB-ACF6-4D99-9CA1-5FAC961E6713}.Debug|x64.ActiveCfg = Debug|x64
		{5F3F6EEB-ACF6-4D99-9CA1-5FAC961E6713}.Debug|x64.Build.0 = Debug|x64
		{5F3F6EEB-ACF6-4D99-9CA1-5FAC961E6713}.Debug|x64.Deploy.0 = Debug|x64
		{5F3F6EEB-ACF6-4D99-9CA1-5FAC961E6713}.Debug|x86.ActiveCfg = Debug|x86
		{5F3F6EEB-ACF6-4D99-9CA1-5FAC961E6713}.Debug|x86.Build.0 = Debug|x86
		{5F3F6EEB-ACF6-4D99-9CA1-5FAC961E6713}.Debug|x86.Deploy.0 = Debug|x86
		{5F3F6EEB-ACF6-4D99-9CA1-5FAC961E6713}.Release|Any CPU.ActiveCfg = Release|Any CPU
		{5F3F6EEB-ACF6-4D99-9CA1-5FAC961E6713}.Release|Any CPU.Build.0 = Release|Any CPU
		{5F3F6EEB-ACF6-4D99-9CA1-5FAC961E6713}.Release|Any CPU.Deploy.0 = Release|Any CPU
		{5F3F6EEB-ACF6-4D99-9CA1-5FAC961E6713}.Release|ARM.ActiveCfg = Release|ARM
		{5F3F6EEB-ACF6-4D99-9CA1-5FAC961E6713}.Release|ARM.Build.0 = Release|ARM
		{5F3F6EEB-ACF6-4D99-9CA1-5FAC961E6713}.Release|ARM.Deploy.0 = Release|ARM
		{5F3F6EEB-ACF6-4D99-9CA1-5FAC961E6713}.Release|x64.ActiveCfg = Release|x64
		{5F3F6EEB-ACF6-4D99-9CA1-5FAC961E6713}.Release|x64.Build.0 = Release|x64
		{5F3F6EEB-ACF6-4D99-9CA1-5FAC961E6713}.Release|x64.Deploy.0 = Release|x64
		{5F3F6EEB-ACF6-4D99-9CA1-5FAC961E6713}.Release|x86.ActiveCfg = Release|x86
		{5F3F6EEB-ACF6-4D99-9CA1-5FAC961E6713}.Release|x86.Build.0 = Release|x86
		{5F3F6EEB-ACF6-4D99-9CA1-5FAC961E6713}.Release|x86.Deploy.0 = Release|x86
		{2744EE43-0DAA-463C-8A9E-C5350657136C}.Debug|Any CPU.ActiveCfg = Debug|Any CPU
		{2744EE43-0DAA-463C-8A9E-C5350657136C}.Debug|Any CPU.Build.0 = Debug|Any CPU
		{2744EE43-0DAA-463C-8A9E-C5350657136C}.Debug|Any CPU.Deploy.0 = Debug|Any CPU
		{2744EE43-0DAA-463C-8A9E-C5350657136C}.Debug|ARM.ActiveCfg = Debug|ARM
		{2744EE43-0DAA-463C-8A9E-C5350657136C}.Debug|ARM.Build.0 = Debug|ARM
		{2744EE43-0DAA-463C-8A9E-C5350657136C}.Debug|ARM.Deploy.0 = Debug|ARM
		{2744EE43-0DAA-463C-8A9E-C5350657136C}.Debug|x64.ActiveCfg = Debug|Any CPU
		{2744EE43-0DAA-463C-8A9E-C5350657136C}.Debug|x64.Build.0 = Debug|Any CPU
		{2744EE43-0DAA-463C-8A9E-C5350657136C}.Debug|x64.Deploy.0 = Debug|Any CPU
		{2744EE43-0DAA-463C-8A9E-C5350657136C}.Debug|x86.ActiveCfg = Debug|x86
		{2744EE43-0DAA-463C-8A9E-C5350657136C}.Debug|x86.Build.0 = Debug|x86
		{2744EE43-0DAA-463C-8A9E-C5350657136C}.Debug|x86.Deploy.0 = Debug|x86
		{2744EE43-0DAA-463C-8A9E-C5350657136C}.Release|Any CPU.ActiveCfg = Release|Any CPU
		{2744EE43-0DAA-463C-8A9E-C5350657136C}.Release|Any CPU.Build.0 = Release|Any CPU
		{2744EE43-0DAA-463C-8A9E-C5350657136C}.Release|Any CPU.Deploy.0 = Release|Any CPU
		{2744EE43-0DAA-463C-8A9E-C5350657136C}.Release|ARM.ActiveCfg = Release|ARM
		{2744EE43-0DAA-463C-8A9E-C5350657136C}.Release|ARM.Build.0 = Release|ARM
		{2744EE43-0DAA-463C-8A9E-C5350657136C}.Release|ARM.Deploy.0 = Release|ARM
		{2744EE43-0DAA-463C-8A9E-C5350657136C}.Release|x64.ActiveCfg = Release|Any CPU
		{2744EE43-0DAA-463C-8A9E-C5350657136C}.Release|x64.Build.0 = Release|Any CPU
		{2744EE43-0DAA-463C-8A9E-C5350657136C}.Release|x64.Deploy.0 = Release|Any CPU
		{2744EE43-0DAA-463C-8A9E-C5350657136C}.Release|x86.ActiveCfg = Release|x86
		{2744EE43-0DAA-463C-8A9E-C5350657136C}.Release|x86.Build.0 = Release|x86
		{2744EE43-0DAA-463C-8A9E-C5350657136C}.Release|x86.Deploy.0 = Release|x86
	EndGlobalSection
	GlobalSection(SolutionProperties) = preSolution
		HideSolutionNode = FALSE
	EndGlobalSection
	GlobalSection(NestedProjects) = preSolution
		{4EBC6048-02EB-4F01-A5E7-68BFD97792C6} = {3C68F51C-87D1-4E05-918B-3B5F7EB30E22}
		{5F3F6EEB-ACF6-4D99-9CA1-5FAC961E6713} = {3C68F51C-87D1-4E05-918B-3B5F7EB30E22}
		{2744EE43-0DAA-463C-8A9E-C5350657136C} = {3C68F51C-87D1-4E05-918B-3B5F7EB30E22}
	EndGlobalSection
EndGlobal
