
Microsoft Visual Studio Solution File, Format Version 12.00
# Visual Studio 2013
VisualStudioVersion = 12.0.21005.1
MinimumVisualStudioVersion = 10.0.40219.1
Project("{8BC9CEB8-8B4A-11D0-8D11-00A0C91BC942}") = "Diag", "Diag\Diag.vcxproj", "{EC22CA26-4DE9-4658-8AF6-85A09550AEBF}"
EndProject
Project("{2150E333-8FDC-42A3-9474-1A3956D46DE8}") = "Solution Items", "Solution Items", "{A4F61CEE-7D07-4DA4-88B5-A46523038F44}"
EndProject
Global
	GlobalSection(SolutionConfigurationPlatforms) = preSolution
		Debug|Win32 = Debug|Win32
		Release|Win32 = Release|Win32
	EndGlobalSection
	GlobalSection(ProjectConfigurationPlatforms) = postSolution
		{EC22CA26-4DE9-4658-8AF6-85A09550AEBF}.Debug|Win32.ActiveCfg = Debug|Win32
		{EC22CA26-4DE9-4658-8AF6-85A09550AEBF}.Debug|Win32.Build.0 = Debug|Win32
		{EC22CA26-4DE9-4658-8AF6-85A09550AEBF}.Debug|Win32.Deploy.0 = Debug|Win32
		{EC22CA26-4DE9-4658-8AF6-85A09550AEBF}.Release|Win32.ActiveCfg = Release|Win32
		{EC22CA26-4DE9-4658-8AF6-85A09550AEBF}.Release|Win32.Build.0 = Release|Win32
		{EC22CA26-4DE9-4658-8AF6-85A09550AEBF}.Release|Win32.Deploy.0 = Release|Win32
	EndGlobalSection
	GlobalSection(SolutionProperties) = preSolution
		HideSolutionNode = FALSE
	EndGlobalSection
EndGlobal
